
Microsoft Visual Studio Solution File, Format Version 12.00
# Visual Studio 15
VisualStudioVersion = 15.0.28307.329
MinimumVisualStudioVersion = 10.0.40219.1
Project("{FAE04EC0-301F-11D3-BF4B-00C04F79EFBC}") = "SQLApplication", "SQLApplication\SQLApplication.csproj", "{80D0F645-AA18-4CA5-8E4C-0614C693B74C}"
EndProject
Global
	GlobalSection(SolutionConfigurationPlatforms) = preSolution
		Debug|Any CPU = Debug|Any CPU
		Release|Any CPU = Release|Any CPU
	EndGlobalSection
	GlobalSection(ProjectConfigurationPlatforms) = postSolution
		{80D0F645-AA18-4CA5-8E4C-0614C693B74C}.Debug|Any CPU.ActiveCfg = Debug|Any CPU
		{80D0F645-AA18-4CA5-8E4C-0614C693B74C}.Debug|Any CPU.Build.0 = Debug|Any CPU
		{80D0F645-AA18-4CA5-8E4C-0614C693B74C}.Release|Any CPU.ActiveCfg = Release|Any CPU
		{80D0F645-AA18-4CA5-8E4C-0614C693B74C}.Release|Any CPU.Build.0 = Release|Any CPU
	EndGlobalSection
	GlobalSection(SolutionProperties) = preSolution
		HideSolutionNode = FALSE
	EndGlobalSection
	GlobalSection(ExtensibilityGlobals) = postSolution
		SolutionGuid = {F5575131-45AC-4438-B3EF-2D9AA2685159}
	EndGlobalSection
EndGlobal
